%{
  "benchee": {:hex, :benchee, "0.12.1", "1286a79bab2f1899220134daf9a695586af00ea71968e6cd89d3d3afdf7cecba", [:mix], [{:deep_merge, "~> 0.1", [hex: :deep_merge, repo: "hexpm", optional: false]}], "hexpm"},
  "cbor": {:hex, :cbor, "0.1.3", "012aad5f5a2ef80c993e8a0885be2e2297898a3a0b42f3be0748860acd9a89f4", [:mix], [], "hexpm"},
  "certifi": {:hex, :certifi, "2.3.1", "d0f424232390bf47d82da8478022301c561cf6445b5b5fb6a84d49a9e76d2639", [:rebar3], [{:parse_trans, "3.2.0", [hex: :parse_trans, repo: "hexpm", optional: false]}], "hexpm"},
  "chatterbox": {:git, "https://github.com/tony612/chatterbox.git", "c7c2ab4c3e74618cfa78fdbf6444fac3952d194b", [branch: "my-fix"]},
  "connection": {:hex, :connection, "1.0.4", "a1cae72211f0eef17705aaededacac3eb30e6625b04a6117c1b2db6ace7d5976", [:mix], [], "hexpm"},
  "cowboy": {:hex, :cowboy, "2.3.0", "268429481d6f41ad5564ade4a2439c284b569083fca0d19078ad4f56b4624724", [:rebar3], [{:cowlib, "~> 2.2.1", [hex: :cowlib, repo: "hexpm", optional: false]}, {:ranch, "~> 1.4.0", [hex: :ranch, repo: "hexpm", optional: false]}], "hexpm"},
  "cowlib": {:hex, :cowlib, "2.2.1", "1afa5b233cee8f642c153ec6f1dc48db0dd9a43e2114bc8b43e9d59636f6ae1f", [:rebar3], [], "hexpm"},
  "deep_merge": {:hex, :deep_merge, "0.1.1", "c27866a7524a337b6a039eeb8dd4f17d458fd40fbbcb8c54661b71a22fffe846", [:mix], [], "hexpm"},
  "dialyxir": {:hex, :dialyxir, "0.5.1", "b331b091720fd93e878137add264bac4f644e1ddae07a70bf7062c7862c4b952", [:mix], [], "hexpm"},
  "distillery": {:hex, :distillery, "1.5.2", "eec18b2d37b55b0bcb670cf2bcf64228ed38ce8b046bb30a9b636a6f5a4c0080", [:mix], [], "hexpm"},
  "ed25519": {:hex, :ed25519, "1.2.0", "9ce0b4e62de5b8d2035a5149bb322620b8d37b512c40758dedc84786fd5157fb", [:mix], [], "hexpm"},
  "enacl": {:git, "https://github.com/jlouis/enacl.git", "c8403ab198b80863479c2ab5a9ccd0a8d73a57c4", []},
  "excbor": {:git, "https://github.com/cabo/excbor.git", "3b69e45cb2d35eee5b91774300dd1b997c0d4c33", []},
  "gen_state_machine": {:hex, :gen_state_machine, "2.0.1", "85efd5a0376929c3a4246dd943e17564a2908c7ddd7acd242d84594e785d83f8", [:mix], [], "hexpm"},
  "goldrush": {:git, "https://github.com/basho/goldrush.git", "8f1b715d36b650ec1e1f5612c00e28af6ab0de82", [tag: "0.1.9"]},
  "grpc": {:git, "https://github.com/tony612/grpc-elixir.git", "0d70e235864262995250f9824ea3ecf39a2ea16f", []},
  "hackney": {:hex, :hackney, "1.12.0", "65d0c616b60732b2512a96ccd96f42cb9653927ac85f47ee9eff52d0e23c42be", [:rebar3], [{:certifi, "2.3.1", [hex: :certifi, repo: "hexpm", optional: false]}, {:idna, "5.1.1", [hex: :idna, repo: "hexpm", optional: false]}, {:metrics, "1.0.1", [hex: :metrics, repo: "hexpm", optional: false]}, {:mimerl, "1.0.2", [hex: :mimerl, repo: "hexpm", optional: false]}, {:ssl_verify_fun, "1.1.1", [hex: :ssl_verify_fun, repo: "hexpm", optional: false]}], "hexpm"},
  "hpack": {:hex, :hpack, "1.0.3", "b27e5c6eca73d031db7597ffc15f805e93dc208cc6902aae30771df1e77dcc97", [:mix], [], "hexpm"},
  "httpoison": {:hex, :httpoison, "1.1.0", "497949fb62924432f64a45269d20e6f61ecf35084ffa270917afcdb7cd4d8061", [:mix], [{:hackney, "~> 1.8", [hex: :hackney, repo: "hexpm", optional: false]}], "hexpm"},
  "idna": {:hex, :idna, "5.1.1", "cbc3b2fa1645113267cc59c760bafa64b2ea0334635ef06dbac8801e42f7279c", [:rebar3], [{:unicode_util_compat, "0.3.1", [hex: :unicode_util_compat, repo: "hexpm", optional: false]}], "hexpm"},
  "lager": {:git, "https://github.com/basho/lager.git", "81eaef0ce98fdbf64ab95665e3bc2ec4b24c7dac", [tag: "3.2.4"]},
  "libsodium": {:hex, :libsodium, "0.0.10", "24584e6f5a60aed53542054c15fb31719bbf2d811d9a84f626734faf64d41304", [:rebar3], [], "hexpm"},
  "metrics": {:hex, :metrics, "1.0.1", "25f094dea2cda98213cecc3aeff09e940299d950904393b2a29d191c346a8486", [:rebar3], [], "hexpm"},
  "mime": {:hex, :mime, "1.2.0", "78adaa84832b3680de06f88f0997e3ead3b451a440d183d688085be2d709b534", [:mix], [], "hexpm"},
  "mimerl": {:hex, :mimerl, "1.0.2", "993f9b0e084083405ed8252b99460c4f0563e41729ab42d9074fd5e52439be88", [:rebar3], [], "hexpm"},
  "parse_trans": {:hex, :parse_trans, "3.2.0", "2adfa4daf80c14dc36f522cf190eb5c4ee3e28008fc6394397c16f62a26258c2", [:rebar3], [], "hexpm"},
  "plug": {:hex, :plug, "1.5.0", "224b25b4039bedc1eac149fb52ed456770b9678bbf0349cdd810460e1e09195b", [:mix], [{:cowboy, "~> 1.0.1 or ~> 1.1 or ~> 2.1", [hex: :cowboy, repo: "hexpm", optional: true]}, {:mime, "~> 1.0", [hex: :mime, repo: "hexpm", optional: false]}], "hexpm"},
  "protobuf": {:hex, :protobuf, "0.5.0", "ec9857903f8c49cf01ad5f1340956e19ebe0ef05e225b15b442f33b13031ce08", [:mix], [], "hexpm"},
  "ranch": {:hex, :ranch, "1.4.0", "10272f95da79340fa7e8774ba7930b901713d272905d0012b06ca6d994f8826b", [:rebar3], [], "hexpm"},
  "redix": {:hex, :redix, "0.7.0", "14a22cba1137600ccf8d64baf1b291689add779488f9a193d7d83dcc3e03a7a4", [:mix], [{:connection, "~> 1.0", [hex: :connection, repo: "hexpm", optional: false]}], "hexpm"},
  "river": {:git, "https://github.com/masonforest/river.git", "2a3030bc3001bae00433d46ef57c551f72d00eca", []},
  "rox": {:hex, :rox, "2.2.1", "847593765a119b48b1de381a874b692eac5375c79a6fd82b4c6353b98b7d9fdb", [:mix], [{:rustler, "~> 0.10", [hex: :rustler, repo: "hexpm", optional: false]}], "hexpm"},
  "rustler": {:hex, :rustler, "0.16.0", "9b04237d2e7b30fcae40a28edb56f59aad8f4e3c8790f4996b5f200f649964be", [:mix], [], "hexpm"},
  "ssl_verify_fun": {:hex, :ssl_verify_fun, "1.1.1", "28a4d65b7f59893bc2c7de786dec1e1555bd742d336043fe644ae956c3497fbe", [:make, :rebar], [], "hexpm"},
  "unicode_util_compat": {:hex, :unicode_util_compat, "0.3.1", "a1f612a7b512638634a603c8f401892afbf99b8ce93a45041f8aaca99cadb85e", [:rebar3], [], "hexpm"},
}
